PODS:
  - AlipaySDK-iOS (15.7.9)
  - bridge_webview_flutter (0.0.1):
    - Flutter
    - WebViewJavascriptBridge
  - Flutter (1.0.0)
  - flutter_des (0.0.1):
    - Flutter
  - flutter_plugin_two (0.0.1):
    - Flutter
  - fluwx (0.0.1):
    - Flutter
    - WechatOpenSDK (= 1.8.7.1)
  - FMDB (2.7.5):
    - FMDB/standard (= 2.7.5)
  - FMDB/standard (2.7.5)
  - image_picker (0.0.1):
    - Flutter
  - orientation (0.0.1):
    - Flutter
  - package_info (0.0.1):
    - Flutter
  - path_provider (0.0.1):
    - Flutter
  - screen (0.0.1):
    - Flutter
  - shared_preferences (0.0.1):
    - Flutter
  - sqflite (0.0.2):
    - Flutter
    - FMDB (>= 2.7.5)
  - tobias (0.0.1):
    - AlipaySDK-iOS (~> 15.7.9)
    - Flutter
  - url_launcher (0.0.1):
    - Flutter
  - video_player (0.0.1):
    - Flutter
  - wakelock (0.0.1):
    - Flutter
  - WebViewJavascriptBridge (6.0.3)
  - WechatOpenSDK (1.8.7.1)

DEPENDENCIES:
  - bridge_webview_flutter (from `.symlinks/plugins/bridge_webview_flutter/ios`)
  - Flutter (from `Flutter`)
  - flutter_des (from `.symlinks/plugins/flutter_des/ios`)
  - flutter_plugin_two (from `.symlinks/plugins/flutter_plugin_two/ios`)
  - fluwx (from `.symlinks/plugins/fluwx/ios`)
  - image_picker (from `.symlinks/plugins/image_picker/ios`)
  - orientation (from `.symlinks/plugins/orientation/ios`)
  - package_info (from `.symlinks/plugins/package_info/ios`)
  - path_provider (from `.symlinks/plugins/path_provider/ios`)
  - screen (from `.symlinks/plugins/screen/ios`)
  - shared_preferences (from `.symlinks/plugins/shared_preferences/ios`)
  - sqflite (from `.symlinks/plugins/sqflite/ios`)
  - tobias (from `.symlinks/plugins/tobias/ios`)
  - url_launcher (from `.symlinks/plugins/url_launcher/ios`)
  - video_player (from `.symlinks/plugins/video_player/ios`)
  - wakelock (from `.symlinks/plugins/wakelock/ios`)

SPEC REPOS:
  trunk:
    - AlipaySDK-iOS
    - FMDB
    - WebViewJavascriptBridge
    - WechatOpenSDK

EXTERNAL SOURCES:
  bridge_webview_flutter:
    :path: ".symlinks/plugins/bridge_webview_flutter/ios"
  Flutter:
    :path: Flutter
  flutter_des:
    :path: ".symlinks/plugins/flutter_des/ios"
  flutter_plugin_two:
    :path: ".symlinks/plugins/flutter_plugin_two/ios"
  fluwx:
    :path: ".symlinks/plugins/fluwx/ios"
  image_picker:
    :path: ".symlinks/plugins/image_picker/ios"
  orientation:
    :path: ".symlinks/plugins/orientation/ios"
  package_info:
    :path: ".symlinks/plugins/package_info/ios"
  path_provider:
    :path: ".symlinks/plugins/path_provider/ios"
  screen:
    :path: ".symlinks/plugins/screen/ios"
  shared_preferences:
    :path: ".symlinks/plugins/shared_preferences/ios"
  sqflite:
    :path: ".symlinks/plugins/sqflite/ios"
  tobias:
    :path: ".symlinks/plugins/tobias/ios"
  url_launcher:
    :path: ".symlinks/plugins/url_launcher/ios"
  video_player:
    :path: ".symlinks/plugins/video_player/ios"
  wakelock:
    :path: ".symlinks/plugins/wakelock/ios"

SPEC CHECKSUMS:
  AlipaySDK-iOS: 94ff4c0e17c5e7d126b8207596d5033006534c25
  bridge_webview_flutter: 8e8343f977bb931a3d8a31ce352bc7af67dd69ff
  Flutter: 434fef37c0980e73bb6479ef766c45957d4b510c
  flutter_des: af0bb83f27f1468ad652d907958b1d42d5644544
  flutter_plugin_two: 68adab2b19e81d4c805e9e42205bbc4f2499c5b5
  fluwx: 07a55ed66bf3a4961e836a2a411b02dcada32902
  FMDB: 2ce00b547f966261cd18927a3ddb07cb6f3db82a
  image_picker: 50e7c7ff960e5f58faa4d1f4af84a771c671bc4a
  orientation: 6c9203efe86ce4cff379756910f18b2d745628c3
  package_info: 873975fc26034f0b863a300ad47e7f1ac6c7ec62
  path_provider: abfe2b5c733d04e238b0d8691db0cfd63a27a93c
  screen: abd91ca7bf3426e1cc3646d27e9b2358d6bf07b0
  shared_preferences: af6bfa751691cdc24be3045c43ec037377ada40d
  sqflite: 6d358c025f5b867b29ed92fc697fd34924e11904
  tobias: 6872e2198dc30e17c10513b9ee114e28d099bc70
  url_launcher: 6fef411d543ceb26efce54b05a0a40bfd74cbbef
  video_player: 9cc823b1d9da7e8427ee591e8438bfbcde500e6e
  wakelock: 0d4a70faf8950410735e3f61fb15d517c8a6efc4
  WebViewJavascriptBridge: 7f5bc4d3581e672e8f32bd0f812d54bc69bb8e29
  WechatOpenSDK: 6a4d1436c15b3b5fe2a0bd383f3046010186da44

PODFILE CHECKSUM: aafe91acc616949ddb318b77800a7f51bffa2a4c

COCOAPODS: 1.10.1
